
Microsoft Visual Studio Solution File, Format Version 12.00
# Visual Studio 14
VisualStudioVersion = 14.0.25420.1
MinimumVisualStudioVersion = 10.0.40219.1
Project("{8BC9CEB8-8B4A-11D0-8D11-00A0C91BC942}") = "task_force_radio_pipe", "task_force_radio_pipe.vcxproj", "{41806AF2-00B0-42AE-B5AF-19C65C8B5C8D}"
EndProject
Global
	GlobalSection(SolutionConfigurationPlatforms) = preSolution
		Debug|Win32 = Debug|Win32
		Debug|x64 = Debug|x64
		exe|Win32 = exe|Win32
		exe|x64 = exe|x64
		Release|Win32 = Release|Win32
		Release|x64 = Release|x64
	EndGlobalSection
	GlobalSection(ProjectConfigurationPlatforms) = postSolution
		{41806AF2-00B0-42AE-B5AF-19C65C8B5C8D}.Debug|Win32.ActiveCfg = Debug|Win32
		{41806AF2-00B0-42AE-B5AF-19C65C8B5C8D}.Debug|Win32.Build.0 = Debug|Win32
		{41806AF2-00B0-42AE-B5AF-19C65C8B5C8D}.Debug|x64.ActiveCfg = Debug|x64
		{41806AF2-00B0-42AE-B5AF-19C65C8B5C8D}.Debug|x64.Build.0 = Debug|x64
		{41806AF2-00B0-42AE-B5AF-19C65C8B5C8D}.exe|Win32.ActiveCfg = exe|Win32
		{41806AF2-00B0-42AE-B5AF-19C65C8B5C8D}.exe|Win32.Build.0 = exe|Win32
		{41806AF2-00B0-42AE-B5AF-19C65C8B5C8D}.exe|x64.ActiveCfg = exe|x64
		{41806AF2-00B0-42AE-B5AF-19C65C8B5C8D}.exe|x64.Build.0 = exe|x64
		{41806AF2-00B0-42AE-B5AF-19C65C8B5C8D}.Release|Win32.ActiveCfg = Release|Win32
		{41806AF2-00B0-42AE-B5AF-19C65C8B5C8D}.Release|Win32.Build.0 = Release|Win32
		{41806AF2-00B0-42AE-B5AF-19C65C8B5C8D}.Release|x64.ActiveCfg = Release|x64
		{41806AF2-00B0-42AE-B5AF-19C65C8B5C8D}.Release|x64.Build.0 = Release|x64
	EndGlobalSection
	GlobalSection(SolutionProperties) = preSolution
		HideSolutionNode = FALSE
	EndGlobalSection
EndGlobal
